
Microsoft Visual Studio Solution File, Format Version 12.00
# Visual Studio Version 18
VisualStudioVersion = 18.4.11605.240 stable
MinimumVisualStudioVersion = 10.0.40219.1
Project("{FAE04EC0-301F-11D3-BF4B-00C04F79EFBC}") = "Rotivity", "Rotivity.csproj", "{B9551935-C6A4-3B2E-54F3-97EB7784C3FF}"
EndProject
Global
	GlobalSection(SolutionConfigurationPlatforms) = preSolution
		Debug|Any CPU = Debug|Any CPU
		Release|Any CPU = Release|Any CPU
	EndGlobalSection
	GlobalSection(ProjectConfigurationPlatforms) = postSolution
		{B9551935-C6A4-3B2E-54F3-97EB7784C3FF}.Debug|Any CPU.ActiveCfg = Debug|Any CPU
		{B9551935-C6A4-3B2E-54F3-97EB7784C3FF}.Debug|Any CPU.Build.0 = Debug|Any CPU
		{B9551935-C6A4-3B2E-54F3-97EB7784C3FF}.Release|Any CPU.ActiveCfg = Release|Any CPU
		{B9551935-C6A4-3B2E-54F3-97EB7784C3FF}.Release|Any CPU.Build.0 = Release|Any CPU
	EndGlobalSection
	GlobalSection(SolutionProperties) = preSolution
		HideSolutionNode = FALSE
	EndGlobalSection
	GlobalSection(ExtensibilityGlobals) = postSolution
		SolutionGuid = {15A51219-96CC-4FDC-8C3F-94D61D10ECCD}
	EndGlobalSection
EndGlobal
